
Microsoft Visual Studio Solution File, Format Version 12.00
# Visual Studio Version 17
VisualStudioVersion = 17.4.33205.214
MinimumVisualStudioVersion = 10.0.40219.1
Project("{9A19103F-16F7-4668-BE54-9A1E7A4F7556}") = "AuthenticationAndAuthorization", "AuthenticationAndAuthorization\AuthenticationAndAuthorization.csproj", "{9DB71F21-941E-4652-ADBA-A79F68EFF08B}"
EndProject
Project("{FAE04EC0-301F-11D3-BF4B-00C04F79EFBC}") = "Persistence", "Persistence\Persistence.csproj", "{001F8412-E1DD-4C4A-9CA3-180E981DFC64}"
EndProject
Global
	GlobalSection(SolutionConfigurationPlatforms) = preSolution
		Debug|Any CPU = Debug|Any CPU
		Release|Any CPU = Release|Any CPU
	EndGlobalSection
	GlobalSection(ProjectConfigurationPlatforms) = postSolution
		{9DB71F21-941E-4652-ADBA-A79F68EFF08B}.Debug|Any CPU.ActiveCfg = Debug|Any CPU
		{9DB71F21-941E-4652-ADBA-A79F68EFF08B}.Debug|Any CPU.Build.0 = Debug|Any CPU
		{9DB71F21-941E-4652-ADBA-A79F68EFF08B}.Release|Any CPU.ActiveCfg = Release|Any CPU
		{9DB71F21-941E-4652-ADBA-A79F68EFF08B}.Release|Any CPU.Build.0 = Release|Any CPU
		{001F8412-E1DD-4C4A-9CA3-180E981DFC64}.Debug|Any CPU.ActiveCfg = Debug|Any CPU
		{001F8412-E1DD-4C4A-9CA3-180E981DFC64}.Debug|Any CPU.Build.0 = Debug|Any CPU
		{001F8412-E1DD-4C4A-9CA3-180E981DFC64}.Release|Any CPU.ActiveCfg = Release|Any CPU
		{001F8412-E1DD-4C4A-9CA3-180E981DFC64}.Release|Any CPU.Build.0 = Release|Any CPU
	EndGlobalSection
	GlobalSection(SolutionProperties) = preSolution
		HideSolutionNode = FALSE
	EndGlobalSection
	GlobalSection(ExtensibilityGlobals) = postSolution
		SolutionGuid = {3400BDD1-9A68-428D-AEB1-DC2A73AD3BCF}
	EndGlobalSection
EndGlobal
